github.com/jwangsadinata/go-multimap v0.0.0-20190620162914-c29f3d7f33b6 h1:OzCtZaD1uI5Fc1C+4oNAp7kZ4ibh5OIgxI29moH/IbE=
github.com/jwangsadinata/go-multimap v0.0.0-20190620162914-c29f3d7f33b6/go.mod h1:CEusGbCRDFcHX9EgEhPsgJX33kpp9CfSFRBAoSGOems=
github.com/pborman/getopt v1.1.0 h1:eJ3aFZroQqq0bWmraivjQNt6Dmm5M0h2JcDW38/Azb0=
github.com/pborman/getopt v1.1.0/go.mod h1:FxXoW1Re00sQG/+KIkuSqRL/LwQgSkv7uyac+STFsbk=
